
Microsoft Visual Studio Solution File, Format Version 12.00
# Visual Studio Version 16
VisualStudioVersion = 16.0.31624.102
MinimumVisualStudioVersion = 10.0.40219.1
Project("{FAE04EC0-301F-11D3-BF4B-00C04F79EFBC}") = "hackathon-webshop", "hackathon-webshop\hackathon-webshop.csproj", "{6828E89A-11A7-46E5-96DF-53BEE37E0953}"
EndProject
Global
	GlobalSection(SolutionConfigurationPlatforms) = preSolution
		Debug|Any CPU = Debug|Any CPU
		Release|Any CPU = Release|Any CPU
	EndGlobalSection
	GlobalSection(ProjectConfigurationPlatforms) = postSolution
		{6828E89A-11A7-46E5-96DF-53BEE37E0953}.Debug|Any CPU.ActiveCfg = Debug|Any CPU
		{6828E89A-11A7-46E5-96DF-53BEE37E0953}.Debug|Any CPU.Build.0 = Debug|Any CPU
		{6828E89A-11A7-46E5-96DF-53BEE37E0953}.Release|Any CPU.ActiveCfg = Release|Any CPU
		{6828E89A-11A7-46E5-96DF-53BEE37E0953}.Release|Any CPU.Build.0 = Release|Any CPU
	EndGlobalSection
	GlobalSection(SolutionProperties) = preSolution
		HideSolutionNode = FALSE
	EndGlobalSection
	GlobalSection(ExtensibilityGlobals) = postSolution
		SolutionGuid = {A1FD6A02-6D4D-473D-A402-23346A3ED261}
	EndGlobalSection
EndGlobal
